// !$*UTF8*$!
{
	archiveVersion = 1;
	classes = {
	};
	objectVersion = 46;
	objects = {

/* Begin PBXBuildFile section */
		D4780DC518C2280E00655FBB /* ZBLink.m in Sources */ = {isa = PBXBuildFile; fileRef = D4780DBE18C2280E00655FBB /* ZBLink.m */; };
		D4780DC618C2280E00655FBB /* ZBLink.m in Sources */ = {isa = PBXBuildFile; fileRef = D4780DBE18C2280E00655FBB /* ZBLink.m */; };
		D4780DC718C2280E00655FBB /* ZBNode.m in Sources */ = {isa = PBXBuildFile; fileRef = D4780DC018C2280E00655FBB /* ZBNode.m */; };
		D4780DC818C2280E00655FBB /* ZBNode.m in Sources */ = {isa = PBXBuildFile; fileRef = D4780DC018C2280E00655FBB /* ZBNode.m */; };
		D4780DC918C2280E00655FBB /* ZBRoute.m in Sources */ = {isa = PBXBuildFile; fileRef = D4780DC218C2280E00655FBB /* ZBRoute.m */; };
		D4780DCA18C2280E00655FBB /* ZBRoute.m in Sources */ = {isa = PBXBuildFile; fileRef = D4780DC218C2280E00655FBB /* ZBRoute.m */; };
		D4780DCB18C2280E00655FBB /* ZBRouteManager.m in Sources */ = {isa = PBXBuildFile; fileRef = D4780DC418C2280E00655FBB /* ZBRouteManager.m */; };
		D4780DCC18C2280E00655FBB /* ZBRouteManager.m in Sources */ = {isa = PBXBuildFile; fileRef = D4780DC418C2280E00655FBB /* ZBRouteManager.m */; };
		D4780DE118C2281C00655FBB /* data.txt in Resources */ = {isa = PBXBuildFile; fileRef = D4780DCE18C2281C00655FBB /* data.txt */; };
		D4780DE218C2281C00655FBB /* InfoPlist.strings in Resources */ = {isa = PBXBuildFile; fileRef = D4780DCF18C2281C00655FBB /* InfoPlist.strings */; };
		D4780DE318C2281C00655FBB /* ETCHelper-Info.plist in Resources */ = {isa = PBXBuildFile; fileRef = D4780DD118C2281C00655FBB /* ETCHelper-Info.plist */; };
		D4780DE418C2281C00655FBB /* Images.xcassets in Resources */ = {isa = PBXBuildFile; fileRef = D4780DD318C2281C00655FBB /* Images.xcassets */; };
		D4780DE518C2281C00655FBB /* main.m in Sources */ = {isa = PBXBuildFile; fileRef = D4780DD418C2281C00655FBB /* main.m */; };
		D4780DE618C2281C00655FBB /* ZBAppDelegate.m in Sources */ = {isa = PBXBuildFile; fileRef = D4780DD618C2281C00655FBB /* ZBAppDelegate.m */; };
		D4780DE718C2281C00655FBB /* ZBFreewaysTableViewController.m in Sources */ = {isa = PBXBuildFile; fileRef = D4780DD818C2281C00655FBB /* ZBFreewaysTableViewController.m */; };
		D4780DE818C2281C00655FBB /* ZBNodesTableViewController.m in Sources */ = {isa = PBXBuildFile; fileRef = D4780DDA18C2281C00655FBB /* ZBNodesTableViewController.m */; };
		D4780DE918C2281C00655FBB /* ZBRootTableViewController.m in Sources */ = {isa = PBXBuildFile; fileRef = D4780DDC18C2281C00655FBB /* ZBRootTableViewController.m */; };
		D4780DEA18C2281C00655FBB /* ZBRoutesTableViewController.m in Sources */ = {isa = PBXBuildFile; fileRef = D4780DDE18C2281C00655FBB /* ZBRoutesTableViewController.m */; };
		D4780DEB18C2281C00655FBB /* ZBRouteTableViewController.m in Sources */ = {isa = PBXBuildFile; fileRef = D4780DE018C2281C00655FBB /* ZBRouteTableViewController.m */; };
		D4780DF418C2286900655FBB /* InfoPlist.strings in Resources */ = {isa = PBXBuildFile; fileRef = D4780DF018C2286900655FBB /* InfoPlist.strings */; };
		D4780DF518C2286900655FBB /* ETCHelperTests-Info.plist in Resources */ = {isa = PBXBuildFile; fileRef = D4780DF218C2286900655FBB /* ETCHelperTests-Info.plist */; };
		D4780DF618C2286900655FBB /* ETCHelperTests.m in Sources */ = {isa = PBXBuildFile; fileRef = D4780DF318C2286900655FBB /* ETCHelperTests.m */; };
		D4F6017A18BE25BA00855310 /* Foundation.framework in Frameworks */ = {isa = PBXBuildFile; fileRef = D4F6017918BE25BA00855310 /* Foundation.framework */; };
		D4F6017C18BE25BA00855310 /* CoreGraphics.framework in Frameworks */ = {isa = PBXBuildFile; fileRef = D4F6017B18BE25BA00855310 /* CoreGraphics.framework */; };
		D4F6017E18BE25BA00855310 /* UIKit.framework in Frameworks */ = {isa = PBXBuildFile; fileRef = D4F6017D18BE25BA00855310 /* UIKit.framework */; };
		D4F6019318BE25BA00855310 /* XCTest.framework in Frameworks */ = {isa = PBXBuildFile; fileRef = D4F6019218BE25BA00855310 /* XCTest.framework */; };
		D4F6019418BE25BA00855310 /* Foundation.framework in Frameworks */ = {isa = PBXBuildFile; fileRef = D4F6017918BE25BA00855310 /* Foundation.framework */; };
		D4F6019518BE25BA00855310 /* UIKit.framework in Frameworks */ = {isa = PBXBuildFile; fileRef = D4F6017D18BE25BA00855310 /* UIKit.framework */; };
/* End PBXBuildFile section */

/* Begin PBXContainerItemProxy section */
		D4F6019618BE25BA00855310 /* PBXContainerItemProxy */ = {
			isa = PBXContainerItemProxy;
			containerPortal = D4F6016E18BE25BA00855310 /* Project object */;
			proxyType = 1;
			remoteGlobalIDString = D4F6017518BE25BA00855310;
			remoteInfo = EtagHelper;
		};
/* End PBXContainerItemProxy section */

/* Begin PBXFileReference section */
		D4780DBD18C2280E00655FBB /* ZBLink.h */ = {isa = PBXFileReference; fileEncoding = 4; lastKnownFileType = sourcecode.c.h; path = ZBLink.h; sourceTree = "<group>"; };
		D4780DBE18C2280E00655FBB /* ZBLink.m */ = {isa = PBXFileReference; fileEncoding = 4; lastKnownFileType = sourcecode.c.objc; path = ZBLink.m; sourceTree = "<group>"; };
		D4780DBF18C2280E00655FBB /* ZBNode.h */ = {isa = PBXFileReference; fileEncoding = 4; lastKnownFileType = sourcecode.c.h; path = ZBNode.h; sourceTree = "<group>"; };
		D4780DC018C2280E00655FBB /* ZBNode.m */ = {isa = PBXFileReference; fileEncoding = 4; lastKnownFileType = sourcecode.c.objc; path = ZBNode.m; sourceTree = "<group>"; };
		D4780DC118C2280E00655FBB /* ZBRoute.h */ = {isa = PBXFileReference; fileEncoding = 4; lastKnownFileType = sourcecode.c.h; path = ZBRoute.h; sourceTree = "<group>"; };
		D4780DC218C2280E00655FBB /* ZBRoute.m */ = {isa = PBXFileReference; fileEncoding = 4; lastKnownFileType = sourcecode.c.objc; path = ZBRoute.m; sourceTree = "<group>"; };
		D4780DC318C2280E00655FBB /* ZBRouteManager.h */ = {isa = PBXFileReference; fileEncoding = 4; lastKnownFileType = sourcecode.c.h; path = ZBRouteManager.h; sourceTree = "<group>"; };
		D4780DC418C2280E00655FBB /* ZBRouteManager.m */ = {isa = PBXFileReference; fileEncoding = 4; lastKnownFileType = sourcecode.c.objc; path = ZBRouteManager.m; sourceTree = "<group>"; };
		D4780DCE18C2281C00655FBB /* data.txt */ = {isa = PBXFileReference; fileEncoding = 4; lastKnownFileType = text; path = data.txt; sourceTree = "<group>"; };
		D4780DD018C2281C00655FBB /* en */ = {isa = PBXFileReference; lastKnownFileType = text.plist.strings; name = en; path = en.lproj/InfoPlist.strings; sourceTree = "<group>"; };
		D4780DD118C2281C00655FBB /* ETCHelper-Info.plist */ = {isa = PBXFileReference; fileEncoding = 4; lastKnownFileType = text.plist.xml; path = "ETCHelper-Info.plist"; sourceTree = "<group>"; };
		D4780DD218C2281C00655FBB /* ETCHelper-Prefix.pch */ = {isa = PBXFileReference; fileEncoding = 4; lastKnownFileType = sourcecode.c.h; path = "ETCHelper-Prefix.pch"; sourceTree = "<group>"; };
		D4780DD318C2281C00655FBB /* Images.xcassets */ = {isa = PBXFileReference; lastKnownFileType = folder.assetcatalog; path = Images.xcassets; sourceTree = "<group>"; };
		D4780DD418C2281C00655FBB /* main.m */ = {isa = PBXFileReference; fileEncoding = 4; lastKnownFileType = sourcecode.c.objc; path = main.m; sourceTree = "<group>"; };
		D4780DD518C2281C00655FBB /* ZBAppDelegate.h */ = {isa = PBXFileReference; fileEncoding = 4; lastKnownFileType = sourcecode.c.h; path = ZBAppDelegate.h; sourceTree = "<group>"; };
		D4780DD618C2281C00655FBB /* ZBAppDelegate.m */ = {isa = PBXFileReference; fileEncoding = 4; lastKnownFileType = sourcecode.c.objc; path = ZBAppDelegate.m; sourceTree = "<group>"; };
		D4780DD718C2281C00655FBB /* ZBFreewaysTableViewController.h */ = {isa = PBXFileReference; fileEncoding = 4; lastKnownFileType = sourcecode.c.h; path = ZBFreewaysTableViewController.h; sourceTree = "<group>"; };
		D4780DD818C2281C00655FBB /* ZBFreewaysTableViewController.m */ = {isa = PBXFileReference; fileEncoding = 4; lastKnownFileType = sourcecode.c.objc; path = ZBFreewaysTableViewController.m; sourceTree = "<group>"; };
		D4780DD918C2281C00655FBB /* ZBNodesTableViewController.h */ = {isa = PBXFileReference; fileEncoding = 4; lastKnownFileType = sourcecode.c.h; path = ZBNodesTableViewController.h; sourceTree = "<group>"; };
		D4780DDA18C2281C00655FBB /* ZBNodesTableViewController.m */ = {isa = PBXFileReference; fileEncoding = 4; lastKnownFileType = sourcecode.c.objc; path = ZBNodesTableViewController.m; sourceTree = "<group>"; };
		D4780DDB18C2281C00655FBB /* ZBRootTableViewController.h */ = {isa = PBXFileReference; fileEncoding = 4; lastKnownFileType = sourcecode.c.h; path = ZBRootTableViewController.h; sourceTree = "<group>"; };
		D4780DDC18C2281C00655FBB /* ZBRootTableViewController.m */ = {isa = PBXFileReference; fileEncoding = 4; lastKnownFileType = sourcecode.c.objc; path = ZBRootTableViewController.m; sourceTree = "<group>"; };
		D4780DDD18C2281C00655FBB /* ZBRoutesTableViewController.h */ = {isa = PBXFileReference; fileEncoding = 4; lastKnownFileType = sourcecode.c.h; path = ZBRoutesTableViewController.h; sourceTree = "<group>"; };
		D4780DDE18C2281C00655FBB /* ZBRoutesTableViewController.m */ = {isa = PBXFileReference; fileEncoding = 4; lastKnownFileType = sourcecode.c.objc; path = ZBRoutesTableViewController.m; sourceTree = "<group>"; };
		D4780DDF18C2281C00655FBB /* ZBRouteTableViewController.h */ = {isa = PBXFileReference; fileEncoding = 4; lastKnownFileType = sourcecode.c.h; path = ZBRouteTableViewController.h; sourceTree = "<group>"; };
		D4780DE018C2281C00655FBB /* ZBRouteTableViewController.m */ = {isa = PBXFileReference; fileEncoding = 4; lastKnownFileType = sourcecode.c.objc; path = ZBRouteTableViewController.m; sourceTree = "<group>"; };
		D4780DF118C2286900655FBB /* en */ = {isa = PBXFileReference; lastKnownFileType = text.plist.strings; name = en; path = en.lproj/InfoPlist.strings; sourceTree = "<group>"; };
		D4780DF218C2286900655FBB /* ETCHelperTests-Info.plist */ = {isa = PBXFileReference; fileEncoding = 4; lastKnownFileType = text.plist.xml; path = "ETCHelperTests-Info.plist"; sourceTree = "<group>"; };
		D4780DF318C2286900655FBB /* ETCHelperTests.m */ = {isa = PBXFileReference; fileEncoding = 4; lastKnownFileType = sourcecode.c.objc; path = ETCHelperTests.m; sourceTree = "<group>"; };
		D4F6017618BE25BA00855310 /* ETCHelper.app */ = {isa = PBXFileReference; explicitFileType = wrapper.application; includeInIndex = 0; path = ETCHelper.app; sourceTree = BUILT_PRODUCTS_DIR; };
		D4F6017918BE25BA00855310 /* Foundation.framework */ = {isa = PBXFileReference; lastKnownFileType = wrapper.framework; name = Foundation.framework; path = System/Library/Frameworks/Foundation.framework; sourceTree = SDKROOT; };
		D4F6017B18BE25BA00855310 /* CoreGraphics.framework */ = {isa = PBXFileReference; lastKnownFileType = wrapper.framework; name = CoreGraphics.framework; path = System/Library/Frameworks/CoreGraphics.framework; sourceTree = SDKROOT; };
		D4F6017D18BE25BA00855310 /* UIKit.framework */ = {isa = PBXFileReference; lastKnownFileType = wrapper.framework; name = UIKit.framework; path = System/Library/Frameworks/UIKit.framework; sourceTree = SDKROOT; };
		D4F6019118BE25BA00855310 /* ETCHelperTests.xctest */ = {isa = PBXFileReference; explicitFileType = wrapper.cfbundle; includeInIndex = 0; path = ETCHelperTests.xctest; sourceTree = BUILT_PRODUCTS_DIR; };
		D4F6019218BE25BA00855310 /* XCTest.framework */ = {isa = PBXFileReference; lastKnownFileType = wrapper.framework; name = XCTest.framework; path = Library/Frameworks/XCTest.framework; sourceTree = DEVELOPER_DIR; };
/* End PBXFileReference section */

/* Begin PBXFrameworksBuildPhase section */
		D4F6017318BE25BA00855310 /* Frameworks */ = {
			isa = PBXFrameworksBuildPhase;
			buildActionMask = 2147483647;
			files = (
				D4F6017C18BE25BA00855310 /* CoreGraphics.framework in Frameworks */,
				D4F6017E18BE25BA00855310 /* UIKit.framework in Frameworks */,
				D4F6017A18BE25BA00855310 /* Foundation.framework in Frameworks */,
			);
			runOnlyForDeploymentPostprocessing = 0;
		};
		D4F6018E18BE25BA00855310 /* Frameworks */ = {
			isa = PBXFrameworksBuildPhase;
			buildActionMask = 2147483647;
			files = (
				D4F6019318BE25BA00855310 /* XCTest.framework in Frameworks */,
				D4F6019518BE25BA00855310 /* UIKit.framework in Frameworks */,
				D4F6019418BE25BA00855310 /* Foundation.framework in Frameworks */,
			);
			runOnlyForDeploymentPostprocessing = 0;
		};
/* End PBXFrameworksBuildPhase section */

/* Begin PBXGroup section */
		D4780DBC18C2280E00655FBB /* ETCHelperLib */ = {
			isa = PBXGroup;
			children = (
				D4780DBD18C2280E00655FBB /* ZBLink.h */,
				D4780DBE18C2280E00655FBB /* ZBLink.m */,
				D4780DBF18C2280E00655FBB /* ZBNode.h */,
				D4780DC018C2280E00655FBB /* ZBNode.m */,
				D4780DC118C2280E00655FBB /* ZBRoute.h */,
				D4780DC218C2280E00655FBB /* ZBRoute.m */,
				D4780DC318C2280E00655FBB /* ZBRouteManager.h */,
				D4780DC418C2280E00655FBB /* ZBRouteManager.m */,
			);
			path = ETCHelperLib;
			sourceTree = "<group>";
		};
		D4780DCD18C2281C00655FBB /* ETCHelper */ = {
			isa = PBXGroup;
			children = (
				D4780DEC18C2283200655FBB /* Classes */,
				D4780DED18C2284800655FBB /* Other Souce */,
				D4780DEE18C2285C00655FBB /* Supporting Files */,
			);
			path = ETCHelper;
			sourceTree = "<group>";
		};
		D4780DEC18C2283200655FBB /* Classes */ = {
			isa = PBXGroup;
			children = (
				D4780DD518C2281C00655FBB /* ZBAppDelegate.h */,
				D4780DD618C2281C00655FBB /* ZBAppDelegate.m */,
				D4780DD718C2281C00655FBB /* ZBFreewaysTableViewController.h */,
				D4780DD818C2281C00655FBB /* ZBFreewaysTableViewController.m */,
				D4780DD918C2281C00655FBB /* ZBNodesTableViewController.h */,
				D4780DDA18C2281C00655FBB /* ZBNodesTableViewController.m */,
				D4780DDB18C2281C00655FBB /* ZBRootTableViewController.h */,
				D4780DDC18C2281C00655FBB /* ZBRootTableViewController.m */,
				D4780DDD18C2281C00655FBB /* ZBRoutesTableViewController.h */,
				D4780DDE18C2281C00655FBB /* ZBRoutesTableViewController.m */,
				D4780DDF18C2281C00655FBB /* ZBRouteTableViewController.h */,
				D4780DE018C2281C00655FBB /* ZBRouteTableViewController.m */,
			);
			name = Classes;
			sourceTree = "<group>";
		};
		D4780DED18C2284800655FBB /* Other Souce */ = {
			isa = PBXGroup;
			children = (
				D4780DD418C2281C00655FBB /* main.m */,
			);
			name = "Other Souce";
			sourceTree = "<group>";
		};
		D4780DEE18C2285C00655FBB /* Supporting Files */ = {
			isa = PBXGroup;
			children = (
				D4780DCE18C2281C00655FBB /* data.txt */,
				D4780DCF18C2281C00655FBB /* InfoPlist.strings */,
				D4780DD118C2281C00655FBB /* ETCHelper-Info.plist */,
				D4780DD218C2281C00655FBB /* ETCHelper-Prefix.pch */,
				D4780DD318C2281C00655FBB /* Images.xcassets */,
			);
			name = "Supporting Files";
			sourceTree = "<group>";
		};
		D4780DEF18C2286900655FBB /* ETCHelperTests */ = {
			isa = PBXGroup;
			children = (
				D4780DF018C2286900655FBB /* InfoPlist.strings */,
				D4780DF218C2286900655FBB /* ETCHelperTests-Info.plist */,
				D4780DF318C2286900655FBB /* ETCHelperTests.m */,
			);
			path = ETCHelperTests;
			sourceTree = "<group>";
		};
		D4F6016D18BE25BA00855310 = {
			isa = PBXGroup;
			children = (
				D4780DCD18C2281C00655FBB /* ETCHelper */,
				D4780DBC18C2280E00655FBB /* ETCHelperLib */,
				D4780DEF18C2286900655FBB /* ETCHelperTests */,
				D4F6017818BE25BA00855310 /* Frameworks */,
				D4F6017718BE25BA00855310 /* Products */,
			);
			sourceTree = "<group>";
		};
		D4F6017718BE25BA00855310 /* Products */ = {
			isa = PBXGroup;
			children = (
				D4F6017618BE25BA00855310 /* ETCHelper.app */,
				D4F6019118BE25BA00855310 /* ETCHelperTests.xctest */,
			);
			name = Products;
			sourceTree = "<group>";
		};
		D4F6017818BE25BA00855310 /* Frameworks */ = {
			isa = PBXGroup;
			children = (
				D4F6017918BE25BA00855310 /* Foundation.framework */,
				D4F6017B18BE25BA00855310 /* CoreGraphics.framework */,
				D4F6017D18BE25BA00855310 /* UIKit.framework */,
				D4F6019218BE25BA00855310 /* XCTest.framework */,
			);
			name = Frameworks;
			sourceTree = "<group>";
		};
/* End PBXGroup section */

/* Begin PBXNativeTarget section */
		D4F6017518BE25BA00855310 /* ETCHelper */ = {
			isa = PBXNativeTarget;
			buildConfigurationList = D4F601A218BE25BA00855310 /* Build configuration list for PBXNativeTarget "ETCHelper" */;
			buildPhases = (
				D4F6017218BE25BA00855310 /* Sources */,
				D4F6017318BE25BA00855310 /* Frameworks */,
				D4F6017418BE25BA00855310 /* Resources */,
			);
			buildRules = (
			);
			dependencies = (
			);
			name = ETCHelper;
			productName = EtagHelper;
			productReference = D4F6017618BE25BA00855310 /* ETCHelper.app */;
			productType = "com.apple.product-type.application";
		};
		D4F6019018BE25BA00855310 /* ETCHelperTests */ = {
			isa = PBXNativeTarget;
			buildConfigurationList = D4F601A518BE25BA00855310 /* Build configuration list for PBXNativeTarget "ETCHelperTests" */;
			buildPhases = (
				D4F6018D18BE25BA00855310 /* Sources */,
				D4F6018E18BE25BA00855310 /* Frameworks */,
				D4F6018F18BE25BA00855310 /* Resources */,
			);
			buildRules = (
			);
			dependencies = (
				D4F6019718BE25BA00855310 /* PBXTargetDependency */,
			);
			name = ETCHelperTests;
			productName = EtagHelperTests;
			productReference = D4F6019118BE25BA00855310 /* ETCHelperTests.xctest */;
			productType = "com.apple.product-type.bundle.unit-test";
		};
/* End PBXNativeTarget section */

/* Begin PBXProject section */
		D4F6016E18BE25BA00855310 /* Project object */ = {
			isa = PBXProject;
			attributes = {
				CLASSPREFIX = ZB;
				LastUpgradeCheck = 0500;
				ORGANIZATIONNAME = "Weizhong Yang";
				TargetAttributes = {
					D4F6019018BE25BA00855310 = {
						TestTargetID = D4F6017518BE25BA00855310;
					};
				};
			};
			buildConfigurationList = D4F6017118BE25BA00855310 /* Build configuration list for PBXProject "ETCHelper" */;
			compatibilityVersion = "Xcode 3.2";
			developmentRegion = English;
			hasScannedForEncodings = 0;
			knownRegions = (
				en,
			);
			mainGroup = D4F6016D18BE25BA00855310;
			productRefGroup = D4F6017718BE25BA00855310 /* Products */;
			projectDirPath = "";
			projectRoot = "";
			targets = (
				D4F6017518BE25BA00855310 /* ETCHelper */,
				D4F6019018BE25BA00855310 /* ETCHelperTests */,
			);
		};
/* End PBXProject section */

/* Begin PBXResourcesBuildPhase section */
		D4F6017418BE25BA00855310 /* Resources */ = {
			isa = PBXResourcesBuildPhase;
			buildActionMask = 2147483647;
			files = (
				D4780DE318C2281C00655FBB /* ETCHelper-Info.plist in Resources */,
				D4780DE418C2281C00655FBB /* Images.xcassets in Resources */,
				D4780DE118C2281C00655FBB /* data.txt in Resources */,
				D4780DE218C2281C00655FBB /* InfoPlist.strings in Resources */,
			);
			runOnlyForDeploymentPostprocessing = 0;
		};
		D4F6018F18BE25BA00855310 /* Resources */ = {
			isa = PBXResourcesBuildPhase;
			buildActionMask = 2147483647;
			files = (
				D4780DF418C2286900655FBB /* InfoPlist.strings in Resources */,
				D4780DF518C2286900655FBB /* ETCHelperTests-Info.plist in Resources */,
			);
			runOnlyForDeploymentPostprocessing = 0;
		};
/* End PBXResourcesBuildPhase section */

/* Begin PBXSourcesBuildPhase section */
		D4F6017218BE25BA00855310 /* Sources */ = {
			isa = PBXSourcesBuildPhase;
			buildActionMask = 2147483647;
			files = (
				D4780DE718C2281C00655FBB /* ZBFreewaysTableViewController.m in Sources */,
				D4780DE618C2281C00655FBB /* ZBAppDelegate.m in Sources */,
				D4780DE918C2281C00655FBB /* ZBRootTableViewController.m in Sources */,
				D4780DE518C2281C00655FBB /* main.m in Sources */,
				D4780DE818C2281C00655FBB /* ZBNodesTableViewController.m in Sources */,
				D4780DC918C2280E00655FBB /* ZBRoute.m in Sources */,
				D4780DC518C2280E00655FBB /* ZBLink.m in Sources */,
				D4780DC718C2280E00655FBB /* ZBNode.m in Sources */,
				D4780DEB18C2281C00655FBB /* ZBRouteTableViewController.m in Sources */,
				D4780DCB18C2280E00655FBB /* ZBRouteManager.m in Sources */,
				D4780DEA18C2281C00655FBB /* ZBRoutesTableViewController.m in Sources */,
			);
			runOnlyForDeploymentPostprocessing = 0;
		};
		D4F6018D18BE25BA00855310 /* Sources */ = {
			isa = PBXSourcesBuildPhase;
			buildActionMask = 2147483647;
			files = (
				D4780DCC18C2280E00655FBB /* ZBRouteManager.m in Sources */,
				D4780DC818C2280E00655FBB /* ZBNode.m in Sources */,
				D4780DF618C2286900655FBB /* ETCHelperTests.m in Sources */,
				D4780DC618C2280E00655FBB /* ZBLink.m in Sources */,
				D4780DCA18C2280E00655FBB /* ZBRoute.m in Sources */,
			);
			runOnlyForDeploymentPostprocessing = 0;
		};
/* End PBXSourcesBuildPhase section */

/* Begin PBXTargetDependency section */
		D4F6019718BE25BA00855310 /* PBXTargetDependency */ = {
			isa = PBXTargetDependency;
			target = D4F6017518BE25BA00855310 /* ETCHelper */;
			targetProxy = D4F6019618BE25BA00855310 /* PBXContainerItemProxy */;
		};
/* End PBXTargetDependency section */

/* Begin PBXVariantGroup section */
		D4780DCF18C2281C00655FBB /* InfoPlist.strings */ = {
			isa = PBXVariantGroup;
			children = (
				D4780DD018C2281C00655FBB /* en */,
			);
			name = InfoPlist.strings;
			sourceTree = "<group>";
		};
		D4780DF018C2286900655FBB /* InfoPlist.strings */ = {
			isa = PBXVariantGroup;
			children = (
				D4780DF118C2286900655FBB /* en */,
			);
			name = InfoPlist.strings;
			sourceTree = "<group>";
		};
/* End PBXVariantGroup section */

/* Begin XCBuildConfiguration section */
		D4F601A018BE25BA00855310 /* Debug */ = {
			isa = XCBuildConfiguration;
			buildSettings = {
				ALWAYS_SEARCH_USER_PATHS = NO;
				ARCHS = "$(ARCHS_STANDARD_INCLUDING_64_BIT)";
				CLANG_CXX_LANGUAGE_STANDARD = "gnu++0x";
				CLANG_CXX_LIBRARY = "libc++";
				CLANG_ENABLE_MODULES = YES;
				CLANG_ENABLE_OBJC_ARC = YES;
				CLANG_WARN_BOOL_CONVERSION = YES;
				CLANG_WARN_CONSTANT_CONVERSION = YES;
				CLANG_WARN_DIRECT_OBJC_ISA_USAGE = YES_ERROR;
				CLANG_WARN_EMPTY_BODY = YES;
				CLANG_WARN_ENUM_CONVERSION = YES;
				CLANG_WARN_INT_CONVERSION = YES;
				CLANG_WARN_OBJC_ROOT_CLASS = YES_ERROR;
				CLANG_WARN__DUPLICATE_METHOD_MATCH = YES;
				"CODE_SIGN_IDENTITY[sdk=iphoneos*]" = "iPhone Developer";
				COPY_PHASE_STRIP = NO;
				GCC_C_LANGUAGE_STANDARD = gnu99;
				GCC_DYNAMIC_NO_PIC = NO;
				GCC_OPTIMIZATION_LEVEL = 0;
				GCC_PREPROCESSOR_DEFINITIONS = (
					"DEBUG=1",
					"$(inherited)",
				);
				GCC_SYMBOLS_PRIVATE_EXTERN = NO;
				GCC_WARN_64_TO_32_BIT_CONVERSION = YES;
				GCC_WARN_ABOUT_RETURN_TYPE = YES_ERROR;
				GCC_WARN_UNDECLARED_SELECTOR = YES;
				GCC_WARN_UNINITIALIZED_AUTOS = YES;
				GCC_WARN_UNUSED_FUNCTION = YES;
				GCC_WARN_UNUSED_VARIABLE = YES;
				IPHONEOS_DEPLOYMENT_TARGET = 7.0;
				ONLY_ACTIVE_ARCH = YES;
				SDKROOT = iphoneos;
			};
			name = Debug;
		};
		D4F601A118BE25BA00855310 /* Release */ = {
			isa = XCBuildConfiguration;
			buildSettings = {
				ALWAYS_SEARCH_USER_PATHS = NO;
				ARCHS = "$(ARCHS_STANDARD_INCLUDING_64_BIT)";
				CLANG_CXX_LANGUAGE_STANDARD = "gnu++0x";
				CLANG_CXX_LIBRARY = "libc++";
				CLANG_ENABLE_MODULES = YES;
				CLANG_ENABLE_OBJC_ARC = YES;
				CLANG_WARN_BOOL_CONVERSION = YES;
				CLANG_WARN_CONSTANT_CONVERSION = YES;
				CLANG_WARN_DIRECT_OBJC_ISA_USAGE = YES_ERROR;
				CLANG_WARN_EMPTY_BODY = YES;
				CLANG_WARN_ENUM_CONVERSION = YES;
				CLANG_WARN_INT_CONVERSION = YES;
				CLANG_WARN_OBJC_ROOT_CLASS = YES_ERROR;
				CLANG_WARN__DUPLICATE_METHOD_MATCH = YES;
				"CODE_SIGN_IDENTITY[sdk=iphoneos*]" = "iPhone Developer";
				COPY_PHASE_STRIP = YES;
				ENABLE_NS_ASSERTIONS = NO;
				GCC_C_LANGUAGE_STANDARD = gnu99;
				GCC_WARN_64_TO_32_BIT_CONVERSION = YES;
				GCC_WARN_ABOUT_RETURN_TYPE = YES_ERROR;
				GCC_WARN_UNDECLARED_SELECTOR = YES;
				GCC_WARN_UNINITIALIZED_AUTOS = YES;
				GCC_WARN_UNUSED_FUNCTION = YES;
				GCC_WARN_UNUSED_VARIABLE = YES;
				IPHONEOS_DEPLOYMENT_TARGET = 7.0;
				SDKROOT = iphoneos;
				VALIDATE_PRODUCT = YES;
			};
			name = Release;
		};
		D4F601A318BE25BA00855310 /* Debug */ = {
			isa = XCBuildConfiguration;
			buildSettings = {
				ASSETCATALOG_COMPILER_APPICON_NAME = AppIcon;
				ASSETCATALOG_COMPILER_LAUNCHIMAGE_NAME = LaunchImage;
				GCC_PRECOMPILE_PREFIX_HEADER = YES;
				GCC_PREFIX_HEADER = "ETCHelper/ETCHelper-Prefix.pch";
				INFOPLIST_FILE = "$(SRCROOT)/ETCHelper/ETCHelper-Info.plist";
				PRODUCT_NAME = ETCHelper;
				WRAPPER_EXTENSION = app;
			};
			name = Debug;
		};
		D4F601A418BE25BA00855310 /* Release */ = {
			isa = XCBuildConfiguration;
			buildSettings = {
				ASSETCATALOG_COMPILER_APPICON_NAME = AppIcon;
				ASSETCATALOG_COMPILER_LAUNCHIMAGE_NAME = LaunchImage;
				GCC_PRECOMPILE_PREFIX_HEADER = YES;
				GCC_PREFIX_HEADER = "ETCHelper/ETCHelper-Prefix.pch";
				INFOPLIST_FILE = "$(SRCROOT)/ETCHelper/ETCHelper-Info.plist";
				PRODUCT_NAME = ETCHelper;
				WRAPPER_EXTENSION = app;
			};
			name = Release;
		};
		D4F601A618BE25BA00855310 /* Debug */ = {
			isa = XCBuildConfiguration;
			buildSettings = {
				BUNDLE_LOADER = "$(BUILT_PRODUCTS_DIR)/ETCHelper.app/ETCHelper";
				FRAMEWORK_SEARCH_PATHS = (
					"$(SDKROOT)/Developer/Library/Frameworks",
					"$(inherited)",
					"$(DEVELOPER_FRAMEWORKS_DIR)",
				);
				GCC_PRECOMPILE_PREFIX_HEADER = YES;
				GCC_PREFIX_HEADER = "ETCHelper/ETCHelper-Prefix.pch";
				GCC_PREPROCESSOR_DEFINITIONS = (
					"DEBUG=1",
					"$(inherited)",
				);
				INFOPLIST_FILE = "EtagHelperTests/ETCHelperTests-Info.plist";
				PRODUCT_NAME = ETCHelperTests;
				TEST_HOST = "$(BUNDLE_LOADER)";
				WRAPPER_EXTENSION = xctest;
			};
			name = Debug;
		};
		D4F601A718BE25BA00855310 /* Release */ = {
			isa = XCBuildConfiguration;
			buildSettings = {
				BUNDLE_LOADER = "$(BUILT_PRODUCTS_DIR)/ETCHelper.app/ETCHelper";
				FRAMEWORK_SEARCH_PATHS = (
					"$(SDKROOT)/Developer/Library/Frameworks",
					"$(inherited)",
					"$(DEVELOPER_FRAMEWORKS_DIR)",
				);
				GCC_PRECOMPILE_PREFIX_HEADER = YES;
				GCC_PREFIX_HEADER = "ETCHelper/ETCHelper-Prefix.pch";
				INFOPLIST_FILE = "EtagHelperTests/ETCHelperTests-Info.plist";
				PRODUCT_NAME = ETCHelperTests;
				TEST_HOST = "$(BUNDLE_LOADER)";
				WRAPPER_EXTENSION = xctest;
			};
			name = Release;
		};
/* End XCBuildConfiguration section */

/* Begin XCConfigurationList section */
		D4F6017118BE25BA00855310 /* Build configuration list for PBXProject "ETCHelper" */ = {
			isa = XCConfigurationList;
			buildConfigurations = (
				D4F601A018BE25BA00855310 /* Debug */,
				D4F601A118BE25BA00855310 /* Release */,
			);
			defaultConfigurationIsVisible = 0;
			defaultConfigurationName = Release;
		};
		D4F601A218BE25BA00855310 /* Build configuration list for PBXNativeTarget "ETCHelper" */ = {
			isa = XCConfigurationList;
			buildConfigurations = (
				D4F601A318BE25BA00855310 /* Debug */,
				D4F601A418BE25BA00855310 /* Release */,
			);
			defaultConfigurationIsVisible = 0;
			defaultConfigurationName = Release;
		};
		D4F601A518BE25BA00855310 /* Build configuration list for PBXNativeTarget "ETCHelperTests" */ = {
			isa = XCConfigurationList;
			buildConfigurations = (
				D4F601A618BE25BA00855310 /* Debug */,
				D4F601A718BE25BA00855310 /* Release */,
			);
			defaultConfigurationIsVisible = 0;
			defaultConfigurationName = Release;
		};
/* End XCConfigurationList section */
	};
	rootObject = D4F6016E18BE25BA00855310 /* Project object */;
}
